// !$*UTF8*$!
{
	archiveVersion = 1;
	classes = {
	};
	objectVersion = 71;
	objects = {

/* Begin PBXBuildFile section */
		013CA7D0036479D9C055E61D /* ResumeWidgetView.swift in Sources */ = {isa = PBXBuildFile; fileRef = 1B8D930945FAD5C4384C9167 /* ResumeWidgetView.swift */; };
		04F96C796531DBB2FB21BD77 /* ResumeWidgetEntry.swift in Sources */ = {isa = PBXBuildFile; fileRef = 55C6C49AEC88516661DAA219 /* ResumeWidgetEntry.swift */; };
		13AB9CF5E4F576BDFDEA83EB /* ResumeWidgetProvider.swift in Sources */ = {isa = PBXBuildFile; fileRef = 9ADC9EA0833D889E83D30AA8 /* ResumeWidgetProvider.swift */; };
		3D202B0EF0340961D72790A8 /* ResumeWidgetSnapshot.swift in Sources */ = {isa = PBXBuildFile; fileRef = EE562EA9B50391FB2A7C2564 /* ResumeWidgetSnapshot.swift */; };
		776B90882D81388942F64354 /* Foundation.framework in Frameworks */ = {isa = PBXBuildFile; fileRef = EEEC57972BE60B1502C491A0 /* Foundation.framework */; };
		A10000000000000000000001 /* OpenCastCore in Frameworks */ = {isa = PBXBuildFile; productRef = A10000000000000000000002 /* OpenCastCore */; };
		A10000000000000000000003 /* OpenCastPlayback in Frameworks */ = {isa = PBXBuildFile; productRef = A10000000000000000000004 /* OpenCastPlayback */; };
		A10000000000000000000034 /* OpenCastNotificationService.appex in Embed Foundation Extensions */ = {isa = PBXBuildFile; fileRef = A10000000000000000000033 /* OpenCastNotificationService.appex */; settings = {ATTRIBUTES = (RemoveHeadersOnCopy, ); }; };
		A10000000000000000000044 /* OpenCastTranscription in Frameworks */ = {isa = PBXBuildFile; productRef = A10000000000000000000046 /* OpenCastTranscription */; };
		A10000000000000000000045 /* OpenCastTranscription in Frameworks */ = {isa = PBXBuildFile; productRef = A10000000000000000000046 /* OpenCastTranscription */; };
		B20000000000000000000013 /* OpenCastNotificationService/ImageFormat.swift in Sources */ = {isa = PBXBuildFile; fileRef = B20000000000000000000010 /* OpenCastNotificationService/ImageFormat.swift */; };
		B20000000000000000000014 /* OpenCastNotificationService/NotificationAttachmentFactory.swift in Sources */ = {isa = PBXBuildFile; fileRef = B20000000000000000000011 /* OpenCastNotificationService/NotificationAttachmentFactory.swift */; };
		B20000000000000000000015 /* OpenCastNotificationService/NotificationPayload.swift in Sources */ = {isa = PBXBuildFile; fileRef = B20000000000000000000012 /* OpenCastNotificationService/NotificationPayload.swift */; };
		B20000000000000000000016 /* OpenCastCore in Frameworks */ = {isa = PBXBuildFile; productRef = A10000000000000000000002 /* OpenCastCore */; };
		B20000000000000000000017 /* OpenCastPlayback in Frameworks */ = {isa = PBXBuildFile; productRef = A10000000000000000000004 /* OpenCastPlayback */; };
		B2000000000000000000002B /* OpenCastNotificationService/NotificationService.swift in Sources */ = {isa = PBXBuildFile; fileRef = B2000000000000000000002A /* OpenCastNotificationService/NotificationService.swift */; };
		B2000000000000000000002D /* OpenCastNotificationService/ArtworkDownloadByteCapDelegate.swift in Sources */ = {isa = PBXBuildFile; fileRef = B2000000000000000000002C /* OpenCastNotificationService/ArtworkDownloadByteCapDelegate.swift */; };
		C30000000000000000000001 /* OpenCastNotificationContent.appex in Embed Foundation Extensions */ = {isa = PBXBuildFile; fileRef = C30000000000000000000004 /* OpenCastNotificationContent.appex */; settings = {ATTRIBUTES = (RemoveHeadersOnCopy, ); }; };
		C30000000000000000000002 /* OpenCastNotificationContent/EpisodeNotificationViewModel.swift in Sources */ = {isa = PBXBuildFile; fileRef = C30000000000000000000005 /* OpenCastNotificationContent/EpisodeNotificationViewModel.swift */; };
		C3000000000000000000001D /* UserNotificationsUI.framework in Frameworks */ = {isa = PBXBuildFile; fileRef = C3000000000000000000001E /* UserNotificationsUI.framework */; };
		C30000000000000000000020 /* OpenCastNotificationContent/EpisodeNotificationArtworkView.swift in Sources */ = {isa = PBXBuildFile; fileRef = C30000000000000000000022 /* OpenCastNotificationContent/EpisodeNotificationArtworkView.swift */; };
		C30000000000000000000021 /* OpenCastNotificationContent/EpisodeNotificationCardView.swift in Sources */ = {isa = PBXBuildFile; fileRef = C30000000000000000000023 /* OpenCastNotificationContent/EpisodeNotificationCardView.swift */; };
		C30000000000000000000024 /* OpenCastNotificationContent/EpisodeNotificationViewModel+Preview.swift in Sources */ = {isa = PBXBuildFile; fileRef = C30000000000000000000025 /* OpenCastNotificationContent/EpisodeNotificationViewModel+Preview.swift */; };
		D40000000000000000000001 /* OpenCast/Notifications/NotificationArtworkAttachmentIdentifier.swift in Sources */ = {isa = PBXBuildFile; fileRef = D40000000000000000000004 /* OpenCast/Notifications/NotificationArtworkAttachmentIdentifier.swift */; };
		D40000000000000000000002 /* OpenCast/Notifications/NotificationArtworkAttachmentIdentifier.swift in Sources */ = {isa = PBXBuildFile; fileRef = D40000000000000000000004 /* OpenCast/Notifications/NotificationArtworkAttachmentIdentifier.swift */; };
		D40000000000000000000003 /* OpenCast/Notifications/NotificationArtworkAttachmentIdentifier.swift in Sources */ = {isa = PBXBuildFile; fileRef = D40000000000000000000004 /* OpenCast/Notifications/NotificationArtworkAttachmentIdentifier.swift */; };
		D40000000000000000000005 /* OpenCastNotificationService/ArtworkDownloadAccumulator.swift in Sources */ = {isa = PBXBuildFile; fileRef = D40000000000000000000007 /* OpenCastNotificationService/ArtworkDownloadAccumulator.swift */; };
		D40000000000000000000006 /* OpenCastNotificationService/ArtworkDownloadRequest.swift in Sources */ = {isa = PBXBuildFile; fileRef = D40000000000000000000008 /* OpenCastNotificationService/ArtworkDownloadRequest.swift */; };
		DC491ADBB27ACC9D7C41E635 /* OpenCastWidgets.appex in Embed Foundation Extensions */ = {isa = PBXBuildFile; fileRef = 192CD3FA3C8CE63DAC9FCE45 /* OpenCastWidgets.appex */; settings = {ATTRIBUTES = (RemoveHeadersOnCopy, ); }; };
		EA933FBA0878F5C212123D6E /* OpenCastResumeWidget.swift in Sources */ = {isa = PBXBuildFile; fileRef = F2D8080B3436C189323BFF97 /* OpenCastResumeWidget.swift */; };
/* End PBXBuildFile section */

/* Begin PBXContainerItemProxy section */
		6A6DD54385F3FD5F00B48453 /* PBXContainerItemProxy */ = {
			isa = PBXContainerItemProxy;
			containerPortal = A10000000000000000000006 /* Project object */;
			proxyType = 1;
			remoteGlobalIDString = 1D39CDDBA120927557BB72D1;
			remoteInfo = OpenCastWidgets;
		};
		A10000000000000000000005 /* PBXContainerItemProxy */ = {
			isa = PBXContainerItemProxy;
			containerPortal = A10000000000000000000006 /* Project object */;
			proxyType = 1;
			remoteGlobalIDString = A10000000000000000000007;
			remoteInfo = OpenCast;
		};
		A10000000000000000000008 /* PBXContainerItemProxy */ = {
			isa = PBXContainerItemProxy;
			containerPortal = A10000000000000000000006 /* Project object */;
			proxyType = 1;
			remoteGlobalIDString = A10000000000000000000007;
			remoteInfo = OpenCast;
		};
		A10000000000000000000035 /* PBXContainerItemProxy */ = {
			isa = PBXContainerItemProxy;
			containerPortal = A10000000000000000000006 /* Project object */;
			proxyType = 1;
			remoteGlobalIDString = A1000000000000000000003C;
			remoteInfo = OpenCastNotificationService;
		};
		B20000000000000000000007 /* PBXContainerItemProxy */ = {
			isa = PBXContainerItemProxy;
			containerPortal = A10000000000000000000006 /* Project object */;
			proxyType = 1;
			remoteGlobalIDString = A1000000000000000000003C;
			remoteInfo = OpenCastNotificationService;
		};
		C30000000000000000000003 /* PBXContainerItemProxy */ = {
			isa = PBXContainerItemProxy;
			containerPortal = A10000000000000000000006 /* Project object */;
			proxyType = 1;
			remoteGlobalIDString = C30000000000000000000009;
			remoteInfo = OpenCastNotificationContent;
		};
/* End PBXContainerItemProxy section */

/* Begin PBXCopyFilesBuildPhase section */
		A1000000000000000000003D /* Embed Foundation Extensions */ = {
			isa = PBXCopyFilesBuildPhase;
			buildActionMask = 2147483647;
			dstPath = "";
			dstSubfolderSpec = 13;
			files = (
				A10000000000000000000034 /* OpenCastNotificationService.appex in Embed Foundation Extensions */,
				C30000000000000000000001 /* OpenCastNotificationContent.appex in Embed Foundation Extensions */,
				DC491ADBB27ACC9D7C41E635 /* OpenCastWidgets.appex in Embed Foundation Extensions */,
			);
			name = "Embed Foundation Extensions";
			runOnlyForDeploymentPostprocessing = 0;
		};
/* End PBXCopyFilesBuildPhase section */

/* Begin PBXFileReference section */
		0FA60CF4265491A26D59B58C /* Info.plist */ = {isa = PBXFileReference; includeInIndex = 1; lastKnownFileType = text.plist.xml; path = Info.plist; sourceTree = "<group>"; };
		192CD3FA3C8CE63DAC9FCE45 /* OpenCastWidgets.appex */ = {isa = PBXFileReference; explicitFileType = "wrapper.app-extension"; includeInIndex = 0; path = OpenCastWidgets.appex; sourceTree = BUILT_PRODUCTS_DIR; };
		1B8D930945FAD5C4384C9167 /* ResumeWidgetView.swift */ = {isa = PBXFileReference; includeInIndex = 1; lastKnownFileType = sourcecode.swift; path = ResumeWidgetView.swift; sourceTree = "<group>"; };
		55C6C49AEC88516661DAA219 /* ResumeWidgetEntry.swift */ = {isa = PBXFileReference; includeInIndex = 1; lastKnownFileType = sourcecode.swift; path = ResumeWidgetEntry.swift; sourceTree = "<group>"; };
		9ADC9EA0833D889E83D30AA8 /* ResumeWidgetProvider.swift */ = {isa = PBXFileReference; includeInIndex = 1; lastKnownFileType = sourcecode.swift; path = ResumeWidgetProvider.swift; sourceTree = "<group>"; };
		A10000000000000000000009 /* OpenCast.app */ = {isa = PBXFileReference; explicitFileType = wrapper.application; includeInIndex = 0; path = OpenCast.app; sourceTree = BUILT_PRODUCTS_DIR; };
		A1000000000000000000000A /* OpenCastTests.xctest */ = {isa = PBXFileReference; explicitFileType = wrapper.cfbundle; includeInIndex = 0; path = OpenCastTests.xctest; sourceTree = BUILT_PRODUCTS_DIR; };
		A1000000000000000000000B /* OpenCastUITests.xctest */ = {isa = PBXFileReference; explicitFileType = wrapper.cfbundle; includeInIndex = 0; path = OpenCastUITests.xctest; sourceTree = BUILT_PRODUCTS_DIR; };
		A10000000000000000000033 /* OpenCastNotificationService.appex */ = {isa = PBXFileReference; explicitFileType = "wrapper.app-extension"; includeInIndex = 0; path = OpenCastNotificationService.appex; sourceTree = BUILT_PRODUCTS_DIR; };
		A79CF2197DE30D17D4348C0D /* OpenCastWidgets.entitlements */ = {isa = PBXFileReference; includeInIndex = 1; lastKnownFileType = text.plist.entitlements; path = OpenCastWidgets.entitlements; sourceTree = "<group>"; };
		B20000000000000000000001 /* OpenCastNotificationServiceTests.xctest */ = {isa = PBXFileReference; explicitFileType = wrapper.cfbundle; includeInIndex = 0; path = OpenCastNotificationServiceTests.xctest; sourceTree = BUILT_PRODUCTS_DIR; };
		B20000000000000000000010 /* OpenCastNotificationService/ImageFormat.swift */ = {isa = PBXFileReference; lastKnownFileType = sourcecode.swift; path = OpenCastNotificationService/ImageFormat.swift; sourceTree = "<group>"; };
		B20000000000000000000011 /* OpenCastNotificationService/NotificationAttachmentFactory.swift */ = {isa = PBXFileReference; lastKnownFileType = sourcecode.swift; path = OpenCastNotificationService/NotificationAttachmentFactory.swift; sourceTree = "<group>"; };
		B20000000000000000000012 /* OpenCastNotificationService/NotificationPayload.swift */ = {isa = PBXFileReference; lastKnownFileType = sourcecode.swift; path = OpenCastNotificationService/NotificationPayload.swift; sourceTree = "<group>"; };
		B2000000000000000000002A /* OpenCastNotificationService/NotificationService.swift */ = {isa = PBXFileReference; lastKnownFileType = sourcecode.swift; path = OpenCastNotificationService/NotificationService.swift; sourceTree = "<group>"; };
		B2000000000000000000002C /* OpenCastNotificationService/ArtworkDownloadByteCapDelegate.swift */ = {isa = PBXFileReference; lastKnownFileType = sourcecode.swift; path = OpenCastNotificationService/ArtworkDownloadByteCapDelegate.swift; sourceTree = "<group>"; };
		C30000000000000000000004 /* OpenCastNotificationContent.appex */ = {isa = PBXFileReference; explicitFileType = "wrapper.app-extension"; includeInIndex = 0; path = OpenCastNotificationContent.appex; sourceTree = BUILT_PRODUCTS_DIR; };
		C30000000000000000000005 /* OpenCastNotificationContent/EpisodeNotificationViewModel.swift */ = {isa = PBXFileReference; lastKnownFileType = sourcecode.swift; path = OpenCastNotificationContent/EpisodeNotificationViewModel.swift; sourceTree = "<group>"; };
		C3000000000000000000001E /* UserNotificationsUI.framework */ = {isa = PBXFileReference; lastKnownFileType = wrapper.framework; name = UserNotificationsUI.framework; path = System/Library/Frameworks/UserNotificationsUI.framework; sourceTree = SDKROOT; };
		C30000000000000000000022 /* OpenCastNotificationContent/EpisodeNotificationArtworkView.swift */ = {isa = PBXFileReference; lastKnownFileType = sourcecode.swift; path = OpenCastNotificationContent/EpisodeNotificationArtworkView.swift; sourceTree = "<group>"; };
		C30000000000000000000023 /* OpenCastNotificationContent/EpisodeNotificationCardView.swift */ = {isa = PBXFileReference; lastKnownFileType = sourcecode.swift; path = OpenCastNotificationContent/EpisodeNotificationCardView.swift; sourceTree = "<group>"; };
		C30000000000000000000025 /* OpenCastNotificationContent/EpisodeNotificationViewModel+Preview.swift */ = {isa = PBXFileReference; lastKnownFileType = sourcecode.swift; path = "OpenCastNotificationContent/EpisodeNotificationViewModel+Preview.swift"; sourceTree = "<group>"; };
		D40000000000000000000004 /* OpenCast/Notifications/NotificationArtworkAttachmentIdentifier.swift */ = {isa = PBXFileReference; lastKnownFileType = sourcecode.swift; path = OpenCast/Notifications/NotificationArtworkAttachmentIdentifier.swift; sourceTree = "<group>"; };
		D40000000000000000000007 /* OpenCastNotificationService/ArtworkDownloadAccumulator.swift */ = {isa = PBXFileReference; lastKnownFileType = sourcecode.swift; path = OpenCastNotificationService/ArtworkDownloadAccumulator.swift; sourceTree = "<group>"; };
		D40000000000000000000008 /* OpenCastNotificationService/ArtworkDownloadRequest.swift */ = {isa = PBXFileReference; lastKnownFileType = sourcecode.swift; path = OpenCastNotificationService/ArtworkDownloadRequest.swift; sourceTree = "<group>"; };
		EE562EA9B50391FB2A7C2564 /* ResumeWidgetSnapshot.swift */ = {isa = PBXFileReference; includeInIndex = 1; lastKnownFileType = sourcecode.swift; name = ResumeWidgetSnapshot.swift; path = OpenCast/Widgets/ResumeWidgetSnapshot.swift; sourceTree = "<group>"; };
		EEEC57972BE60B1502C491A0 /* Foundation.framework */ = {isa = PBXFileReference; lastKnownFileType = wrapper.framework; name = Foundation.framework; path = System/Library/Frameworks/Foundation.framework; sourceTree = SDKROOT; };
		F2D8080B3436C189323BFF97 /* OpenCastResumeWidget.swift */ = {isa = PBXFileReference; includeInIndex = 1; lastKnownFileType = sourcecode.swift; path = OpenCastResumeWidget.swift; sourceTree = "<group>"; };
/* End PBXFileReference section */

/* Begin PBXFileSystemSynchronizedBuildFileExceptionSet section */
		A1000000000000000000002D /* PBXFileSystemSynchronizedBuildFileExceptionSet */ = {
			isa = PBXFileSystemSynchronizedBuildFileExceptionSet;
			membershipExceptions = (
				Resources/Info.plist,
			);
			target = A10000000000000000000007 /* OpenCast */;
		};
		A10000000000000000000037 /* PBXFileSystemSynchronizedBuildFileExceptionSet */ = {
			isa = PBXFileSystemSynchronizedBuildFileExceptionSet;
			membershipExceptions = (
				Info.plist,
			);
			target = A1000000000000000000003C /* OpenCastNotificationService */;
		};
		C30000000000000000000006 /* PBXFileSystemSynchronizedBuildFileExceptionSet */ = {
			isa = PBXFileSystemSynchronizedBuildFileExceptionSet;
			membershipExceptions = (
				Info.plist,
			);
			target = C30000000000000000000009 /* OpenCastNotificationContent */;
		};
/* End PBXFileSystemSynchronizedBuildFileExceptionSet section */

/* Begin PBXFileSystemSynchronizedRootGroup section */
		A1000000000000000000000C /* OpenCast */ = {isa = PBXFileSystemSynchronizedRootGroup; exceptions = (A1000000000000000000002D /* PBXFileSystemSynchronizedBuildFileExceptionSet */, ); explicitFileTypes = {}; explicitFolders = (); path = OpenCast; sourceTree = "<group>"; };
		A1000000000000000000000D /* OpenCastTests */ = {isa = PBXFileSystemSynchronizedRootGroup; explicitFileTypes = {}; explicitFolders = (); path = OpenCastTests; sourceTree = "<group>"; };
		A1000000000000000000000E /* OpenCastUITests */ = {isa = PBXFileSystemSynchronizedRootGroup; explicitFileTypes = {}; explicitFolders = (); path = OpenCastUITests; sourceTree = "<group>"; };
		A10000000000000000000038 /* OpenCastNotificationService */ = {isa = PBXFileSystemSynchronizedRootGroup; exceptions = (A10000000000000000000037 /* PBXFileSystemSynchronizedBuildFileExceptionSet */, ); explicitFileTypes = {}; explicitFolders = (); path = OpenCastNotificationService; sourceTree = "<group>"; };
		B20000000000000000000002 /* OpenCastNotificationServiceTests */ = {isa = PBXFileSystemSynchronizedRootGroup; explicitFileTypes = {}; explicitFolders = (); path = OpenCastNotificationServiceTests; sourceTree = "<group>"; };
		C30000000000000000000007 /* OpenCastNotificationContent */ = {isa = PBXFileSystemSynchronizedRootGroup; exceptions = (C30000000000000000000006 /* PBXFileSystemSynchronizedBuildFileExceptionSet */, ); explicitFileTypes = {}; explicitFolders = (); path = OpenCastNotificationContent; sourceTree = "<group>"; };
/* End PBXFileSystemSynchronizedRootGroup section */

/* Begin PBXFrameworksBuildPhase section */
		A1000000000000000000000F /* Frameworks */ = {
			isa = PBXFrameworksBuildPhase;
			buildActionMask = 2147483647;
			files = (
				A10000000000000000000001 /* OpenCastCore in Frameworks */,
				A10000000000000000000003 /* OpenCastPlayback in Frameworks */,
				A10000000000000000000044 /* OpenCastTranscription in Frameworks */,
			);
			runOnlyForDeploymentPostprocessing = 0;
		};
		A10000000000000000000010 /* Frameworks */ = {
			isa = PBXFrameworksBuildPhase;
			buildActionMask = 2147483647;
			files = (
				B20000000000000000000016 /* OpenCastCore in Frameworks */,
				B20000000000000000000017 /* OpenCastPlayback in Frameworks */,
				A10000000000000000000045 /* OpenCastTranscription in Frameworks */,
			);
			runOnlyForDeploymentPostprocessing = 0;
		};
		A10000000000000000000011 /* Frameworks */ = {
			isa = PBXFrameworksBuildPhase;
			buildActionMask = 2147483647;
			files = (
			);
			runOnlyForDeploymentPostprocessing = 0;
		};
		A10000000000000000000039 /* Frameworks */ = {
			isa = PBXFrameworksBuildPhase;
			buildActionMask = 2147483647;
			files = (
			);
			runOnlyForDeploymentPostprocessing = 0;
		};
		B20000000000000000000003 /* Frameworks */ = {
			isa = PBXFrameworksBuildPhase;
			buildActionMask = 2147483647;
			files = (
			);
			runOnlyForDeploymentPostprocessing = 0;
		};
		C30000000000000000000008 /* Frameworks */ = {
			isa = PBXFrameworksBuildPhase;
			buildActionMask = 2147483647;
			files = (
				C3000000000000000000001D /* UserNotificationsUI.framework in Frameworks */,
			);
			runOnlyForDeploymentPostprocessing = 0;
		};
		F0863EA28487DFB0A8ACCD87 /* Frameworks */ = {
			isa = PBXFrameworksBuildPhase;
			buildActionMask = 2147483647;
			files = (
				776B90882D81388942F64354 /* Foundation.framework in Frameworks */,
			);
			runOnlyForDeploymentPostprocessing = 0;
		};
/* End PBXFrameworksBuildPhase section */

/* Begin PBXGroup section */
		2920835A4112A0E49462666A /* iOS */ = {
			isa = PBXGroup;
			children = (
				EEEC57972BE60B1502C491A0 /* Foundation.framework */,
			);
			name = iOS;
			sourceTree = "<group>";
		};
		47581C8F56081E48C609223F /* OpenCastWidgets */ = {
			isa = PBXGroup;
			children = (
				0FA60CF4265491A26D59B58C /* Info.plist */,
				F2D8080B3436C189323BFF97 /* OpenCastResumeWidget.swift */,
				A79CF2197DE30D17D4348C0D /* OpenCastWidgets.entitlements */,
				55C6C49AEC88516661DAA219 /* ResumeWidgetEntry.swift */,
				9ADC9EA0833D889E83D30AA8 /* ResumeWidgetProvider.swift */,
				1B8D930945FAD5C4384C9167 /* ResumeWidgetView.swift */,
			);
			path = OpenCastWidgets;
			sourceTree = "<group>";
		};
		63B0F4656B957D1718E7708B /* Frameworks */ = {
			isa = PBXGroup;
			children = (
				2920835A4112A0E49462666A /* iOS */,
			);
			name = Frameworks;
			sourceTree = "<group>";
		};
		A10000000000000000000012 = {
			isa = PBXGroup;
			children = (
				A1000000000000000000000C /* OpenCast */,
				A10000000000000000000038 /* OpenCastNotificationService */,
				C30000000000000000000007 /* OpenCastNotificationContent */,
				B20000000000000000000002 /* OpenCastNotificationServiceTests */,
				A1000000000000000000000D /* OpenCastTests */,
				A1000000000000000000000E /* OpenCastUITests */,
				A10000000000000000000013 /* Packages */,
				A10000000000000000000014 /* Products */,
				B3DF43342FE8A1090089FE77 /* Recovered References */,
				63B0F4656B957D1718E7708B /* Frameworks */,
				47581C8F56081E48C609223F /* OpenCastWidgets */,
				EE562EA9B50391FB2A7C2564 /* ResumeWidgetSnapshot.swift */,
			);
			sourceTree = "<group>";
		};
		A10000000000000000000013 /* Packages */ = {
			isa = PBXGroup;
			children = (
			);
			path = Packages;
			sourceTree = "<group>";
		};
		A10000000000000000000014 /* Products */ = {
			isa = PBXGroup;
			children = (
				A10000000000000000000009 /* OpenCast.app */,
				A10000000000000000000033 /* OpenCastNotificationService.appex */,
				C30000000000000000000004 /* OpenCastNotificationContent.appex */,
				B20000000000000000000001 /* OpenCastNotificationServiceTests.xctest */,
				A1000000000000000000000A /* OpenCastTests.xctest */,
				A1000000000000000000000B /* OpenCastUITests.xctest */,
				192CD3FA3C8CE63DAC9FCE45 /* OpenCastWidgets.appex */,
			);
			name = Products;
			sourceTree = "<group>";
		};
		B3DF43342FE8A1090089FE77 /* Recovered References */ = {
			isa = PBXGroup;
			children = (
				B20000000000000000000010 /* OpenCastNotificationService/ImageFormat.swift */,
				B20000000000000000000011 /* OpenCastNotificationService/NotificationAttachmentFactory.swift */,
				B20000000000000000000012 /* OpenCastNotificationService/NotificationPayload.swift */,
				B2000000000000000000002A /* OpenCastNotificationService/NotificationService.swift */,
				B2000000000000000000002C /* OpenCastNotificationService/ArtworkDownloadByteCapDelegate.swift */,
				D40000000000000000000007 /* OpenCastNotificationService/ArtworkDownloadAccumulator.swift */,
				D40000000000000000000008 /* OpenCastNotificationService/ArtworkDownloadRequest.swift */,
				D40000000000000000000004 /* OpenCast/Notifications/NotificationArtworkAttachmentIdentifier.swift */,
				C3000000000000000000001E /* UserNotificationsUI.framework */,
				C30000000000000000000005 /* OpenCastNotificationContent/EpisodeNotificationViewModel.swift */,
				C30000000000000000000022 /* OpenCastNotificationContent/EpisodeNotificationArtworkView.swift */,
				C30000000000000000000023 /* OpenCastNotificationContent/EpisodeNotificationCardView.swift */,
				C30000000000000000000025 /* OpenCastNotificationContent/EpisodeNotificationViewModel+Preview.swift */,
			);
			name = "Recovered References";
			sourceTree = "<group>";
		};
/* End PBXGroup section */

/* Begin PBXNativeTarget section */
		1D39CDDBA120927557BB72D1 /* OpenCastWidgets */ = {
			isa = PBXNativeTarget;
			buildConfigurationList = B7FDB0B32CFA3E4550AEC7FC /* Build configuration list for PBXNativeTarget "OpenCastWidgets" */;
			buildPhases = (
				F2DB06CCD49969138837DB01 /* Sources */,
				F0863EA28487DFB0A8ACCD87 /* Frameworks */,
				081873741D4593E5383EAF37 /* Resources */,
			);
			buildRules = (
			);
			dependencies = (
			);
			name = OpenCastWidgets;
			productName = OpenCastWidgets;
			productReference = 192CD3FA3C8CE63DAC9FCE45 /* OpenCastWidgets.appex */;
			productType = "com.apple.product-type.app-extension";
		};
		A10000000000000000000007 /* OpenCast */ = {
			isa = PBXNativeTarget;
			buildConfigurationList = A10000000000000000000015 /* Build configuration list for PBXNativeTarget "OpenCast" */;
			buildPhases = (
				A10000000000000000000016 /* Sources */,
				A1000000000000000000000F /* Frameworks */,
				A10000000000000000000017 /* Resources */,
				A1000000000000000000003D /* Embed Foundation Extensions */,
				A1000000000000000000002E /* Copy App Store Screenshot Fixtures */,
			);
			buildRules = (
			);
			dependencies = (
				A10000000000000000000036 /* PBXTargetDependency */,
				C3000000000000000000000C /* PBXTargetDependency */,
				CB8CFAFFE248D2F550F67E83 /* PBXTargetDependency */,
			);
			fileSystemSynchronizedGroups = (
				A1000000000000000000000C /* OpenCast */,
			);
			name = OpenCast;
			packageProductDependencies = (
				A10000000000000000000002 /* OpenCastCore */,
				A10000000000000000000004 /* OpenCastPlayback */,
				A10000000000000000000046 /* OpenCastTranscription */,
			);
			productName = OpenCast;
			productReference = A10000000000000000000009 /* OpenCast.app */;
			productType = "com.apple.product-type.application";
		};
		A10000000000000000000018 /* OpenCastTests */ = {
			isa = PBXNativeTarget;
			buildConfigurationList = A10000000000000000000019 /* Build configuration list for PBXNativeTarget "OpenCastTests" */;
			buildPhases = (
				A1000000000000000000001A /* Sources */,
				A10000000000000000000010 /* Frameworks */,
				A1000000000000000000001B /* Resources */,
			);
			buildRules = (
			);
			dependencies = (
				A1000000000000000000001C /* PBXTargetDependency */,
			);
			fileSystemSynchronizedGroups = (
				A1000000000000000000000D /* OpenCastTests */,
			);
			name = OpenCastTests;
			packageProductDependencies = (
				A10000000000000000000002 /* OpenCastCore */,
				A10000000000000000000004 /* OpenCastPlayback */,
				A10000000000000000000046 /* OpenCastTranscription */,
			);
			productName = OpenCastTests;
			productReference = A1000000000000000000000A /* OpenCastTests.xctest */;
			productType = "com.apple.product-type.bundle.unit-test";
		};
		A1000000000000000000001D /* OpenCastUITests */ = {
			isa = PBXNativeTarget;
			buildConfigurationList = A1000000000000000000001E /* Build configuration list for PBXNativeTarget "OpenCastUITests" */;
			buildPhases = (
				A1000000000000000000001F /* Sources */,
				A10000000000000000000011 /* Frameworks */,
				A10000000000000000000020 /* Resources */,
			);
			buildRules = (
			);
			dependencies = (
				A10000000000000000000021 /* PBXTargetDependency */,
			);
			fileSystemSynchronizedGroups = (
				A1000000000000000000000E /* OpenCastUITests */,
			);
			name = OpenCastUITests;
			productName = OpenCastUITests;
			productReference = A1000000000000000000000B /* OpenCastUITests.xctest */;
			productType = "com.apple.product-type.bundle.ui-testing";
		};
		A1000000000000000000003C /* OpenCastNotificationService */ = {
			isa = PBXNativeTarget;
			buildConfigurationList = A10000000000000000000041 /* Build configuration list for PBXNativeTarget "OpenCastNotificationService" */;
			buildPhases = (
				A1000000000000000000003B /* Sources */,
				A10000000000000000000039 /* Frameworks */,
				A1000000000000000000003A /* Resources */,
			);
			buildRules = (
			);
			dependencies = (
			);
			fileSystemSynchronizedGroups = (
				A10000000000000000000038 /* OpenCastNotificationService */,
			);
			name = OpenCastNotificationService;
			productName = OpenCastNotificationService;
			productReference = A10000000000000000000033 /* OpenCastNotificationService.appex */;
			productType = "com.apple.product-type.app-extension";
		};
		B20000000000000000000006 /* OpenCastNotificationServiceTests */ = {
			isa = PBXNativeTarget;
			buildConfigurationList = B20000000000000000000009 /* Build configuration list for PBXNativeTarget "OpenCastNotificationServiceTests" */;
			buildPhases = (
				B20000000000000000000005 /* Sources */,
				B20000000000000000000003 /* Frameworks */,
				B20000000000000000000004 /* Resources */,
			);
			buildRules = (
			);
			dependencies = (
				B20000000000000000000008 /* PBXTargetDependency */,
			);
			fileSystemSynchronizedGroups = (
				B20000000000000000000002 /* OpenCastNotificationServiceTests */,
			);
			name = OpenCastNotificationServiceTests;
			productName = OpenCastNotificationServiceTests;
			productReference = B20000000000000000000001 /* OpenCastNotificationServiceTests.xctest */;
			productType = "com.apple.product-type.bundle.unit-test";
		};
		C30000000000000000000009 /* OpenCastNotificationContent */ = {
			isa = PBXNativeTarget;
			buildConfigurationList = C30000000000000000000010 /* Build configuration list for PBXNativeTarget "OpenCastNotificationContent" */;
			buildPhases = (
				C3000000000000000000000B /* Sources */,
				C30000000000000000000008 /* Frameworks */,
				C3000000000000000000000A /* Resources */,
			);
			buildRules = (
			);
			dependencies = (
			);
			fileSystemSynchronizedGroups = (
				C30000000000000000000007 /* OpenCastNotificationContent */,
			);
			name = OpenCastNotificationContent;
			productName = OpenCastNotificationContent;
			productReference = C30000000000000000000004 /* OpenCastNotificationContent.appex */;
			productType = "com.apple.product-type.app-extension";
		};
/* End PBXNativeTarget section */

/* Begin PBXProject section */
		A10000000000000000000006 /* Project object */ = {
			isa = PBXProject;
			attributes = {
				BuildIndependentTargetsInParallel = 1;
				LastSwiftUpdateCheck = 2600;
				LastUpgradeCheck = 2660;
				TargetAttributes = {
					A10000000000000000000007 = {
						CreatedOnToolsVersion = 26.0;
					};
					A10000000000000000000018 = {
						CreatedOnToolsVersion = 26.0;
						TestTargetID = A10000000000000000000007;
					};
					A1000000000000000000001D = {
						CreatedOnToolsVersion = 26.0;
						TestTargetID = A10000000000000000000007;
					};
					A1000000000000000000003C = {
						CreatedOnToolsVersion = 26.0;
					};
					B20000000000000000000006 = {
						CreatedOnToolsVersion = 26.0;
						TestTargetID = A1000000000000000000003C;
					};
					C30000000000000000000009 = {
						CreatedOnToolsVersion = 26.0;
					};
				};
			};
			buildConfigurationList = A10000000000000000000022 /* Build configuration list for PBXProject "opencast" */;
			compatibilityVersion = "Xcode 16.0";
			developmentRegion = en;
			hasScannedForEncodings = 0;
			knownRegions = (
				en,
				Base,
			);
			mainGroup = A10000000000000000000012;
			minimizedProjectReferenceProxies = 1;
			packageReferences = (
				A10000000000000000000023 /* XCLocalSwiftPackageReference "Packages/OpenCastCore" */,
				A10000000000000000000024 /* XCLocalSwiftPackageReference "Packages/OpenCastPlayback" */,
				A10000000000000000000043 /* XCLocalSwiftPackageReference "Packages/OpenCastTranscription" */,
			);
			productRefGroup = A10000000000000000000014 /* Products */;
			projectDirPath = "";
			projectRoot = "";
			targets = (
				A10000000000000000000007 /* OpenCast */,
				A1000000000000000000003C /* OpenCastNotificationService */,
				C30000000000000000000009 /* OpenCastNotificationContent */,
				B20000000000000000000006 /* OpenCastNotificationServiceTests */,
				A10000000000000000000018 /* OpenCastTests */,
				A1000000000000000000001D /* OpenCastUITests */,
				1D39CDDBA120927557BB72D1 /* OpenCastWidgets */,
			);
		};
/* End PBXProject section */

/* Begin PBXResourcesBuildPhase section */
		081873741D4593E5383EAF37 /* Resources */ = {
			isa = PBXResourcesBuildPhase;
			buildActionMask = 2147483647;
			files = (
			);
			runOnlyForDeploymentPostprocessing = 0;
		};
		A10000000000000000000017 /* Resources */ = {
			isa = PBXResourcesBuildPhase;
			buildActionMask = 2147483647;
			files = (
			);
			runOnlyForDeploymentPostprocessing = 0;
		};
		A1000000000000000000001B /* Resources */ = {
			isa = PBXResourcesBuildPhase;
			buildActionMask = 2147483647;
			files = (
			);
			runOnlyForDeploymentPostprocessing = 0;
		};
		A10000000000000000000020 /* Resources */ = {
			isa = PBXResourcesBuildPhase;
			buildActionMask = 2147483647;
			files = (
			);
			runOnlyForDeploymentPostprocessing = 0;
		};
		A1000000000000000000003A /* Resources */ = {
			isa = PBXResourcesBuildPhase;
			buildActionMask = 2147483647;
			files = (
			);
			runOnlyForDeploymentPostprocessing = 0;
		};
		B20000000000000000000004 /* Resources */ = {
			isa = PBXResourcesBuildPhase;
			buildActionMask = 2147483647;
			files = (
			);
			runOnlyForDeploymentPostprocessing = 0;
		};
		C3000000000000000000000A /* Resources */ = {
			isa = PBXResourcesBuildPhase;
			buildActionMask = 2147483647;
			files = (
			);
			runOnlyForDeploymentPostprocessing = 0;
		};
/* End PBXResourcesBuildPhase section */

/* Begin PBXShellScriptBuildPhase section */
		A1000000000000000000002E /* Copy App Store Screenshot Fixtures */ = {
			isa = PBXShellScriptBuildPhase;
			buildActionMask = 2147483647;
			files = (
			);
			inputFileListPaths = (
			);
			inputPaths = (
				"$(SRCROOT)/fastlane/fixtures/app-store-screenshots/artwork",
				"$(SRCROOT)/fastlane/fixtures/app-store-screenshots/artwork/archive-hour.png",
				"$(SRCROOT)/fastlane/fixtures/app-store-screenshots/artwork/city-frequency.png",
				"$(SRCROOT)/fastlane/fixtures/app-store-screenshots/artwork/greenhouse-hours.png",
				"$(SRCROOT)/fastlane/fixtures/app-store-screenshots/artwork/half-time.png",
				"$(SRCROOT)/fastlane/fixtures/app-store-screenshots/artwork/kitchen-table.png",
				"$(SRCROOT)/fastlane/fixtures/app-store-screenshots/artwork/long-way-round.png",
				"$(SRCROOT)/fastlane/fixtures/app-store-screenshots/artwork/night-mode-notes.png",
				"$(SRCROOT)/fastlane/fixtures/app-store-screenshots/artwork/orbit-report.png",
				"$(SRCROOT)/fastlane/fixtures/app-store-screenshots/artwork/paper-lanterns.png",
				"$(SRCROOT)/fastlane/fixtures/app-store-screenshots/artwork/quiet-desk.png",
				"$(SRCROOT)/fastlane/fixtures/app-store-screenshots/artwork/release-window.png",
				"$(SRCROOT)/fastlane/fixtures/app-store-screenshots/artwork/sound-lab-weekly.png",
			);
			name = "Copy App Store Screenshot Fixtures";
			outputFileListPaths = (
			);
			outputPaths = (
				"$(OPENCAST_APP_STORE_SCREENSHOT_FIXTURE_OUTPUT_DIR)/archive-hour.png",
				"$(OPENCAST_APP_STORE_SCREENSHOT_FIXTURE_OUTPUT_DIR)/city-frequency.png",
				"$(OPENCAST_APP_STORE_SCREENSHOT_FIXTURE_OUTPUT_DIR)/greenhouse-hours.png",
				"$(OPENCAST_APP_STORE_SCREENSHOT_FIXTURE_OUTPUT_DIR)/half-time.png",
				"$(OPENCAST_APP_STORE_SCREENSHOT_FIXTURE_OUTPUT_DIR)/kitchen-table.png",
				"$(OPENCAST_APP_STORE_SCREENSHOT_FIXTURE_OUTPUT_DIR)/long-way-round.png",
				"$(OPENCAST_APP_STORE_SCREENSHOT_FIXTURE_OUTPUT_DIR)/night-mode-notes.png",
				"$(OPENCAST_APP_STORE_SCREENSHOT_FIXTURE_OUTPUT_DIR)/orbit-report.png",
				"$(OPENCAST_APP_STORE_SCREENSHOT_FIXTURE_OUTPUT_DIR)/paper-lanterns.png",
				"$(OPENCAST_APP_STORE_SCREENSHOT_FIXTURE_OUTPUT_DIR)/quiet-desk.png",
				"$(OPENCAST_APP_STORE_SCREENSHOT_FIXTURE_OUTPUT_DIR)/release-window.png",
				"$(OPENCAST_APP_STORE_SCREENSHOT_FIXTURE_OUTPUT_DIR)/sound-lab-weekly.png",
				"$(DERIVED_FILE_DIR)/AppStoreScreenshotFixtures-$(OPENCAST_INCLUDE_APP_STORE_SCREENSHOT_FIXTURES).stamp",
			);
			runOnlyForDeploymentPostprocessing = 0;
			shellPath = /bin/sh;
			shellScript = "set -eu\n\ninclude_fixtures=\"${OPENCAST_INCLUDE_APP_STORE_SCREENSHOT_FIXTURES:-NO}\"\ndefault_destination_dir=\"${DERIVED_FILE_DIR}/AppStoreScreenshotFixturesDisabled\"\ndestination_dir=\"${OPENCAST_APP_STORE_SCREENSHOT_FIXTURE_OUTPUT_DIR:-${default_destination_dir}}\"\nsource_dir=\"${SRCROOT}/fastlane/fixtures/app-store-screenshots/artwork\"\nstamp_file=\"${DERIVED_FILE_DIR}/AppStoreScreenshotFixtures-${include_fixtures}.stamp\"\nfixture_names=\"\narchive-hour.png\ncity-frequency.png\ngreenhouse-hours.png\nhalf-time.png\nkitchen-table.png\nlong-way-round.png\nnight-mode-notes.png\norbit-report.png\npaper-lanterns.png\nquiet-desk.png\nrelease-window.png\nsound-lab-weekly.png\n\"\n\n/bin/mkdir -p \"${destination_dir}\"\n\nif [ \"${include_fixtures}\" != \"YES\" ]; then\n  for fixture_name in ${fixture_names}; do\n    /usr/bin/touch \"${destination_dir}/${fixture_name}\"\n  done\n  /usr/bin/touch \"${stamp_file}\"\n  exit 0\nfi\n\nif [ \"${destination_dir}\" = \"${default_destination_dir}\" ]; then\n  echo \"error: OPENCAST_APP_STORE_SCREENSHOT_FIXTURE_OUTPUT_DIR must point at the app bundle when OPENCAST_INCLUDE_APP_STORE_SCREENSHOT_FIXTURES=YES.\" >&2\n  exit 1\nfi\n\nif [ ! -d \"${source_dir}\" ]; then\n  echo \"error: Missing App Store screenshot artwork fixtures at ${source_dir}\" >&2\n  exit 1\nfi\n\nfor fixture_name in ${fixture_names}; do\n  fixture=\"${source_dir}/${fixture_name}\"\n  if [ ! -f \"${fixture}\" ]; then\n    echo \"error: Missing App Store screenshot artwork fixture at ${fixture}\" >&2\n    exit 1\n  fi\n  /bin/cp \"${fixture}\" \"${destination_dir}/\"\ndone\n\n/usr/bin/touch \"${stamp_file}\"\n";
			showEnvVarsInLog = 0;
		};
/* End PBXShellScriptBuildPhase section */

/* Begin PBXSourcesBuildPhase section */
		A10000000000000000000016 /* Sources */ = {
			isa = PBXSourcesBuildPhase;
			buildActionMask = 2147483647;
			files = (
			);
			runOnlyForDeploymentPostprocessing = 0;
		};
		A1000000000000000000001A /* Sources */ = {
			isa = PBXSourcesBuildPhase;
			buildActionMask = 2147483647;
			files = (
			);
			runOnlyForDeploymentPostprocessing = 0;
		};
		A1000000000000000000001F /* Sources */ = {
			isa = PBXSourcesBuildPhase;
			buildActionMask = 2147483647;
			files = (
			);
			runOnlyForDeploymentPostprocessing = 0;
		};
		A1000000000000000000003B /* Sources */ = {
			isa = PBXSourcesBuildPhase;
			buildActionMask = 2147483647;
			files = (
				D40000000000000000000001 /* OpenCast/Notifications/NotificationArtworkAttachmentIdentifier.swift in Sources */,
			);
			runOnlyForDeploymentPostprocessing = 0;
		};
		B20000000000000000000005 /* Sources */ = {
			isa = PBXSourcesBuildPhase;
			buildActionMask = 2147483647;
			files = (
				D40000000000000000000003 /* OpenCast/Notifications/NotificationArtworkAttachmentIdentifier.swift in Sources */,
				D40000000000000000000005 /* OpenCastNotificationService/ArtworkDownloadAccumulator.swift in Sources */,
				D40000000000000000000006 /* OpenCastNotificationService/ArtworkDownloadRequest.swift in Sources */,
				B20000000000000000000013 /* OpenCastNotificationService/ImageFormat.swift in Sources */,
				B20000000000000000000014 /* OpenCastNotificationService/NotificationAttachmentFactory.swift in Sources */,
				B20000000000000000000015 /* OpenCastNotificationService/NotificationPayload.swift in Sources */,
				B2000000000000000000002B /* OpenCastNotificationService/NotificationService.swift in Sources */,
				B2000000000000000000002D /* OpenCastNotificationService/ArtworkDownloadByteCapDelegate.swift in Sources */,
				C30000000000000000000020 /* OpenCastNotificationContent/EpisodeNotificationArtworkView.swift in Sources */,
				C30000000000000000000021 /* OpenCastNotificationContent/EpisodeNotificationCardView.swift in Sources */,
				C30000000000000000000002 /* OpenCastNotificationContent/EpisodeNotificationViewModel.swift in Sources */,
				C30000000000000000000024 /* OpenCastNotificationContent/EpisodeNotificationViewModel+Preview.swift in Sources */,
			);
			runOnlyForDeploymentPostprocessing = 0;
		};
		C3000000000000000000000B /* Sources */ = {
			isa = PBXSourcesBuildPhase;
			buildActionMask = 2147483647;
			files = (
				D40000000000000000000002 /* OpenCast/Notifications/NotificationArtworkAttachmentIdentifier.swift in Sources */,
			);
			runOnlyForDeploymentPostprocessing = 0;
		};
		F2DB06CCD49969138837DB01 /* Sources */ = {
			isa = PBXSourcesBuildPhase;
			buildActionMask = 2147483647;
			files = (
				EA933FBA0878F5C212123D6E /* OpenCastResumeWidget.swift in Sources */,
				04F96C796531DBB2FB21BD77 /* ResumeWidgetEntry.swift in Sources */,
				13AB9CF5E4F576BDFDEA83EB /* ResumeWidgetProvider.swift in Sources */,
				013CA7D0036479D9C055E61D /* ResumeWidgetView.swift in Sources */,
				3D202B0EF0340961D72790A8 /* ResumeWidgetSnapshot.swift in Sources */,
			);
			runOnlyForDeploymentPostprocessing = 0;
		};
/* End PBXSourcesBuildPhase section */

/* Begin PBXTargetDependency section */
		A1000000000000000000001C /* PBXTargetDependency */ = {
			isa = PBXTargetDependency;
			target = A10000000000000000000007 /* OpenCast */;
			targetProxy = A10000000000000000000005 /* PBXContainerItemProxy */;
		};
		A10000000000000000000021 /* PBXTargetDependency */ = {
			isa = PBXTargetDependency;
			target = A10000000000000000000007 /* OpenCast */;
			targetProxy = A10000000000000000000008 /* PBXContainerItemProxy */;
		};
		A10000000000000000000036 /* PBXTargetDependency */ = {
			isa = PBXTargetDependency;
			target = A1000000000000000000003C /* OpenCastNotificationService */;
			targetProxy = A10000000000000000000035 /* PBXContainerItemProxy */;
		};
		B20000000000000000000008 /* PBXTargetDependency */ = {
			isa = PBXTargetDependency;
			target = A1000000000000000000003C /* OpenCastNotificationService */;
			targetProxy = B20000000000000000000007 /* PBXContainerItemProxy */;
		};
		C3000000000000000000000C /* PBXTargetDependency */ = {
			isa = PBXTargetDependency;
			target = C30000000000000000000009 /* OpenCastNotificationContent */;
			targetProxy = C30000000000000000000003 /* PBXContainerItemProxy */;
		};
		CB8CFAFFE248D2F550F67E83 /* PBXTargetDependency */ = {
			isa = PBXTargetDependency;
			name = OpenCastWidgets;
			target = 1D39CDDBA120927557BB72D1 /* OpenCastWidgets */;
			targetProxy = 6A6DD54385F3FD5F00B48453 /* PBXContainerItemProxy */;
		};
/* End PBXTargetDependency section */

/* Begin XCBuildConfiguration section */
		01045A3DE230E9BA71D308AD /* Debug */ = {
			isa = XCBuildConfiguration;
			buildSettings = {
				APPLICATION_EXTENSION_API_ONLY = YES;
				CLANG_ENABLE_OBJC_WEAK = NO;
				CODE_SIGN_ENTITLEMENTS = "";
				CODE_SIGN_STYLE = Automatic;
				CURRENT_PROJECT_VERSION = 291;
				DEVELOPMENT_TEAM = "";
				GENERATE_INFOPLIST_FILE = YES;
				INFOPLIST_FILE = OpenCastWidgets/Info.plist;
				INFOPLIST_KEY_CFBundleDisplayName = OpenCast;
				IPHONEOS_DEPLOYMENT_TARGET = 27.0;
				MARKETING_VERSION = 2026.10.1;
				PRODUCT_BUNDLE_IDENTIFIER = com.shreyas208.opencast.widgets;
				PRODUCT_NAME = "$(TARGET_NAME)";
				SDKROOT = iphoneos;
				SKIP_INSTALL = YES;
				SWIFT_EMIT_LOC_STRINGS = YES;
				SWIFT_STRICT_CONCURRENCY = complete;
				SWIFT_UPCOMING_FEATURE_NONISOLATED_NONSENDING_BY_DEFAULT = YES;
				SWIFT_VERSION = 6.0;
				TARGETED_DEVICE_FAMILY = "1,2";
			};
			name = Debug;
		};
		75E95CCF4BE55CC353AA793B /* Release */ = {
			isa = XCBuildConfiguration;
			buildSettings = {
				APPLICATION_EXTENSION_API_ONLY = YES;
				CLANG_ENABLE_OBJC_WEAK = NO;
				CODE_SIGN_ENTITLEMENTS = OpenCastWidgets/OpenCastWidgets.entitlements;
				CODE_SIGN_STYLE = Automatic;
				CURRENT_PROJECT_VERSION = 291;
				DEVELOPMENT_TEAM = "";
				GENERATE_INFOPLIST_FILE = YES;
				INFOPLIST_FILE = OpenCastWidgets/Info.plist;
				INFOPLIST_KEY_CFBundleDisplayName = OpenCast;
				IPHONEOS_DEPLOYMENT_TARGET = 27.0;
				MARKETING_VERSION = 2026.10.1;
				PRODUCT_BUNDLE_IDENTIFIER = com.shreyas208.opencast.widgets;
				PRODUCT_NAME = "$(TARGET_NAME)";
				SDKROOT = iphoneos;
				SKIP_INSTALL = YES;
				SWIFT_EMIT_LOC_STRINGS = YES;
				SWIFT_STRICT_CONCURRENCY = complete;
				SWIFT_UPCOMING_FEATURE_NONISOLATED_NONSENDING_BY_DEFAULT = YES;
				SWIFT_VERSION = 6.0;
				TARGETED_DEVICE_FAMILY = "1,2";
				VALIDATE_PRODUCT = YES;
			};
			name = Release;
		};
		A10000000000000000000025 /* Debug */ = {
			isa = XCBuildConfiguration;
			buildSettings = {
				ALWAYS_SEARCH_USER_PATHS = NO;
				ASSETCATALOG_COMPILER_GENERATE_SWIFT_ASSET_SYMBOL_EXTENSIONS = YES;
				CLANG_ANALYZER_NONNULL = YES;
				CLANG_ANALYZER_NUMBER_OBJECT_CONVERSION = YES_AGGRESSIVE;
				CLANG_CXX_LANGUAGE_STANDARD = "gnu++20";
				CLANG_ENABLE_MODULES = YES;
				CLANG_ENABLE_OBJC_ARC = YES;
				CLANG_ENABLE_OBJC_WEAK = YES;
				CLANG_WARN_BLOCK_CAPTURE_AUTORELEASING = YES;
				CLANG_WARN_BOOL_CONVERSION = YES;
				CLANG_WARN_COMMA = YES;
				CLANG_WARN_CONSTANT_CONVERSION = YES;
				CLANG_WARN_DEPRECATED_OBJC_IMPLEMENTATIONS = YES;
				CLANG_WARN_DIRECT_OBJC_ISA_USAGE = YES_ERROR;
				CLANG_WARN_DOCUMENTATION_COMMENTS = YES;
				CLANG_WARN_EMPTY_BODY = YES;
				CLANG_WARN_ENUM_CONVERSION = YES;
				CLANG_WARN_INFINITE_RECURSION = YES;
				CLANG_WARN_INT_CONVERSION = YES;
				CLANG_WARN_NON_LITERAL_NULL_CONVERSION = YES;
				CLANG_WARN_OBJC_IMPLICIT_RETAIN_SELF = YES;
				CLANG_WARN_OBJC_LITERAL_CONVERSION = YES;
				CLANG_WARN_OBJC_ROOT_CLASS = YES_ERROR;
				CLANG_WARN_QUOTED_INCLUDE_IN_FRAMEWORK_HEADER = YES;
				CLANG_WARN_RANGE_LOOP_ANALYSIS = YES;
				CLANG_WARN_STRICT_PROTOTYPES = YES;
				CLANG_WARN_SUSPICIOUS_MOVE = YES;
				CLANG_WARN_UNGUARDED_AVAILABILITY = YES_AGGRESSIVE;
				CLANG_WARN_UNREACHABLE_CODE = YES;
				CLANG_WARN__DUPLICATE_METHOD_MATCH = YES;
				COPY_PHASE_STRIP = NO;
				DEBUG_INFORMATION_FORMAT = dwarf;
				DEVELOPMENT_TEAM = "";
				ENABLE_STRICT_OBJC_MSGSEND = YES;
				ENABLE_TESTABILITY = YES;
				ENABLE_USER_SCRIPT_SANDBOXING = YES;
				GCC_C_LANGUAGE_STANDARD = gnu17;
				GCC_DYNAMIC_NO_PIC = NO;
				GCC_NO_COMMON_BLOCKS = YES;
				GCC_OPTIMIZATION_LEVEL = 0;
				GCC_PREPROCESSOR_DEFINITIONS = (
					"DEBUG=1",
					"$(inherited)",
				);
				GCC_WARN_64_TO_32_BIT_CONVERSION = YES;
				GCC_WARN_ABOUT_RETURN_TYPE = YES_ERROR;
				GCC_WARN_UNDECLARED_SELECTOR = YES;
				GCC_WARN_UNINITIALIZED_AUTOS = YES_AGGRESSIVE;
				GCC_WARN_UNUSED_FUNCTION = YES;
				GCC_WARN_UNUSED_VARIABLE = YES;
				IPHONEOS_DEPLOYMENT_TARGET = 27.0;
				MTL_ENABLE_DEBUG_INFO = INCLUDE_SOURCE;
				MTL_FAST_MATH = YES;
				ONLY_ACTIVE_ARCH = YES;
				SDKROOT = iphoneos;
				STRING_CATALOG_GENERATE_SYMBOLS = YES;
				SWIFT_ACTIVE_COMPILATION_CONDITIONS = DEBUG;
				SWIFT_APPROACHABLE_CONCURRENCY = YES;
				SWIFT_OPTIMIZATION_LEVEL = "-Onone";
			};
			name = Debug;
		};
		A10000000000000000000026 /* Release */ = {
			isa = XCBuildConfiguration;
			buildSettings = {
				ALWAYS_SEARCH_USER_PATHS = NO;
				ASSETCATALOG_COMPILER_GENERATE_SWIFT_ASSET_SYMBOL_EXTENSIONS = YES;
				CLANG_ANALYZER_NONNULL = YES;
				CLANG_ANALYZER_NUMBER_OBJECT_CONVERSION = YES_AGGRESSIVE;
				CLANG_CXX_LANGUAGE_STANDARD = "gnu++20";
				CLANG_ENABLE_MODULES = YES;
				CLANG_ENABLE_OBJC_ARC = YES;
				CLANG_ENABLE_OBJC_WEAK = YES;
				CLANG_WARN_BLOCK_CAPTURE_AUTORELEASING = YES;
				CLANG_WARN_BOOL_CONVERSION = YES;
				CLANG_WARN_COMMA = YES;
				CLANG_WARN_CONSTANT_CONVERSION = YES;
				CLANG_WARN_DEPRECATED_OBJC_IMPLEMENTATIONS = YES;
				CLANG_WARN_DIRECT_OBJC_ISA_USAGE = YES_ERROR;
				CLANG_WARN_DOCUMENTATION_COMMENTS = YES;
				CLANG_WARN_EMPTY_BODY = YES;
				CLANG_WARN_ENUM_CONVERSION = YES;
				CLANG_WARN_INFINITE_RECURSION = YES;
				CLANG_WARN_INT_CONVERSION = YES;
				CLANG_WARN_NON_LITERAL_NULL_CONVERSION = YES;
				CLANG_WARN_OBJC_IMPLICIT_RETAIN_SELF = YES;
				CLANG_WARN_OBJC_LITERAL_CONVERSION = YES;
				CLANG_WARN_OBJC_ROOT_CLASS = YES_ERROR;
				CLANG_WARN_QUOTED_INCLUDE_IN_FRAMEWORK_HEADER = YES;
				CLANG_WARN_RANGE_LOOP_ANALYSIS = YES;
				CLANG_WARN_STRICT_PROTOTYPES = YES;
				CLANG_WARN_SUSPICIOUS_MOVE = YES;
				CLANG_WARN_UNGUARDED_AVAILABILITY = YES_AGGRESSIVE;
				CLANG_WARN_UNREACHABLE_CODE = YES;
				CLANG_WARN__DUPLICATE_METHOD_MATCH = YES;
				COPY_PHASE_STRIP = NO;
				DEBUG_INFORMATION_FORMAT = "dwarf-with-dsym";
				DEVELOPMENT_TEAM = "";
				ENABLE_NS_ASSERTIONS = NO;
				ENABLE_STRICT_OBJC_MSGSEND = YES;
				ENABLE_USER_SCRIPT_SANDBOXING = YES;
				GCC_C_LANGUAGE_STANDARD = gnu17;
				GCC_NO_COMMON_BLOCKS = YES;
				GCC_WARN_64_TO_32_BIT_CONVERSION = YES;
				GCC_WARN_ABOUT_RETURN_TYPE = YES_ERROR;
				GCC_WARN_UNDECLARED_SELECTOR = YES;
				GCC_WARN_UNINITIALIZED_AUTOS = YES_AGGRESSIVE;
				GCC_WARN_UNUSED_FUNCTION = YES;
				GCC_WARN_UNUSED_VARIABLE = YES;
				IPHONEOS_DEPLOYMENT_TARGET = 27.0;
				MTL_ENABLE_DEBUG_INFO = NO;
				MTL_FAST_MATH = YES;
				SDKROOT = iphoneos;
				STRING_CATALOG_GENERATE_SYMBOLS = YES;
				SWIFT_APPROACHABLE_CONCURRENCY = YES;
				SWIFT_COMPILATION_MODE = wholemodule;
				VALIDATE_PRODUCT = YES;
			};
			name = Release;
		};
		A10000000000000000000027 /* Debug */ = {
			isa = XCBuildConfiguration;
			buildSettings = {
				ASSETCATALOG_COMPILER_ALTERNATE_APPICON_NAMES = "AppIconOcean AppIconOceanLight AppIconSunset AppIconHoney AppIconRose AppIconViolet AppIconLagoon AppIconFern AppIconGraphite AppIconMidnight AppIconAbyss";
				ASSETCATALOG_COMPILER_APPICON_NAME = AppIcon;
				CODE_SIGN_ENTITLEMENTS = "";
				CODE_SIGN_STYLE = Automatic;
				CURRENT_PROJECT_VERSION = 291;
				DEVELOPMENT_TEAM = "";
				ENABLE_PREVIEWS = YES;
				GENERATE_INFOPLIST_FILE = NO;
				INFOPLIST_FILE = OpenCast/Resources/Info.plist;
				LD_RUNPATH_SEARCH_PATHS = (
					"$(inherited)",
					"@executable_path/Frameworks",
				);
				MARKETING_VERSION = 2026.10.1;
				OPENCAST_APP_STORE_SCREENSHOT_FIXTURE_OUTPUT_DIR = "$(DERIVED_FILE_DIR)/AppStoreScreenshotFixturesDisabled";
				OPENCAST_INCLUDE_APP_STORE_SCREENSHOT_FIXTURES = NO;
				PRODUCT_BUNDLE_IDENTIFIER = com.shreyas208.opencast;
				PRODUCT_NAME = OpenCast;
				SWIFT_ACTIVE_COMPILATION_CONDITIONS = "$(inherited) OPENCAST_PERSONAL_TEAM";
				SWIFT_DEFAULT_ACTOR_ISOLATION = MainActor;
				SWIFT_EMIT_LOC_STRINGS = YES;
				SWIFT_STRICT_CONCURRENCY = complete;
				SWIFT_VERSION = 6.0;
				TARGETED_DEVICE_FAMILY = "1,2";
			};
			name = Debug;
		};
		A10000000000000000000028 /* Release */ = {
			isa = XCBuildConfiguration;
			buildSettings = {
				ASSETCATALOG_COMPILER_ALTERNATE_APPICON_NAMES = "AppIconOcean AppIconOceanLight AppIconSunset AppIconHoney AppIconRose AppIconViolet AppIconLagoon AppIconFern AppIconGraphite AppIconMidnight AppIconAbyss";
				ASSETCATALOG_COMPILER_APPICON_NAME = AppIcon;
				CODE_SIGN_ENTITLEMENTS = OpenCast/Resources/OpenCastProduction.entitlements;
				CODE_SIGN_STYLE = Automatic;
				CURRENT_PROJECT_VERSION = 291;
				DEVELOPMENT_TEAM = "";
				ENABLE_PREVIEWS = YES;
				GENERATE_INFOPLIST_FILE = NO;
				INFOPLIST_FILE = OpenCast/Resources/Info.plist;
				LD_RUNPATH_SEARCH_PATHS = (
					"$(inherited)",
					"@executable_path/Frameworks",
				);
				MARKETING_VERSION = 2026.10.1;
				OPENCAST_APP_STORE_SCREENSHOT_FIXTURE_OUTPUT_DIR = "$(DERIVED_FILE_DIR)/AppStoreScreenshotFixturesDisabled";
				OPENCAST_INCLUDE_APP_STORE_SCREENSHOT_FIXTURES = NO;
				PRODUCT_BUNDLE_IDENTIFIER = com.shreyas208.opencast;
				PRODUCT_NAME = OpenCast;
				SWIFT_DEFAULT_ACTOR_ISOLATION = MainActor;
				SWIFT_EMIT_LOC_STRINGS = YES;
				SWIFT_STRICT_CONCURRENCY = complete;
				SWIFT_VERSION = 6.0;
				TARGETED_DEVICE_FAMILY = "1,2";
			};
			name = Release;
		};
		A10000000000000000000029 /* Debug */ = {
			isa = XCBuildConfiguration;
			buildSettings = {
				BUNDLE_LOADER = "$(TEST_HOST)";
				CODE_SIGN_STYLE = Automatic;
				CURRENT_PROJECT_VERSION = 291;
				GENERATE_INFOPLIST_FILE = YES;
				IPHONEOS_DEPLOYMENT_TARGET = 27.0;
				LD_RUNPATH_SEARCH_PATHS = (
					"$(inherited)",
					"@executable_path/Frameworks",
					"@loader_path/Frameworks",
				);
				MARKETING_VERSION = 2026.10.1;
				PRODUCT_BUNDLE_IDENTIFIER = com.shreyas208.opencast.tests;
				PRODUCT_NAME = "$(TARGET_NAME)";
				SWIFT_STRICT_CONCURRENCY = complete;
				SWIFT_VERSION = 6.0;
				TEST_HOST = "$(BUILT_PRODUCTS_DIR)/OpenCast.app/$(BUNDLE_EXECUTABLE_FOLDER_PATH)/OpenCast";
			};
			name = Debug;
		};
		A1000000000000000000002A /* Release */ = {
			isa = XCBuildConfiguration;
			buildSettings = {
				BUNDLE_LOADER = "$(TEST_HOST)";
				CODE_SIGN_STYLE = Automatic;
				CURRENT_PROJECT_VERSION = 291;
				GENERATE_INFOPLIST_FILE = YES;
				IPHONEOS_DEPLOYMENT_TARGET = 27.0;
				LD_RUNPATH_SEARCH_PATHS = (
					"$(inherited)",
					"@executable_path/Frameworks",
					"@loader_path/Frameworks",
				);
				MARKETING_VERSION = 2026.10.1;
				PRODUCT_BUNDLE_IDENTIFIER = com.shreyas208.opencast.tests;
				PRODUCT_NAME = "$(TARGET_NAME)";
				SWIFT_STRICT_CONCURRENCY = complete;
				SWIFT_VERSION = 6.0;
				TEST_HOST = "$(BUILT_PRODUCTS_DIR)/OpenCast.app/$(BUNDLE_EXECUTABLE_FOLDER_PATH)/OpenCast";
			};
			name = Release;
		};
		A1000000000000000000002B /* Debug */ = {
			isa = XCBuildConfiguration;
			buildSettings = {
				BUNDLE_LOADER = "$(TEST_HOST)";
				CODE_SIGN_STYLE = Automatic;
				CURRENT_PROJECT_VERSION = 291;
				GENERATE_INFOPLIST_FILE = YES;
				IPHONEOS_DEPLOYMENT_TARGET = 27.0;
				LD_RUNPATH_SEARCH_PATHS = (
					"$(inherited)",
					"@executable_path/Frameworks",
					"@loader_path/Frameworks",
				);
				MARKETING_VERSION = 2026.10.1;
				PRODUCT_BUNDLE_IDENTIFIER = com.shreyas208.opencast.uitests;
				PRODUCT_NAME = "$(TARGET_NAME)";
				SWIFT_STRICT_CONCURRENCY = complete;
				SWIFT_VERSION = 6.0;
				TEST_TARGET_NAME = OpenCast;
			};
			name = Debug;
		};
		A1000000000000000000002C /* Release */ = {
			isa = XCBuildConfiguration;
			buildSettings = {
				CODE_SIGN_STYLE = Automatic;
				CURRENT_PROJECT_VERSION = 291;
				GENERATE_INFOPLIST_FILE = YES;
				IPHONEOS_DEPLOYMENT_TARGET = 27.0;
				LD_RUNPATH_SEARCH_PATHS = (
					"$(inherited)",
					"@executable_path/Frameworks",
					"@loader_path/Frameworks",
				);
				MARKETING_VERSION = 2026.10.1;
				PRODUCT_BUNDLE_IDENTIFIER = com.shreyas208.opencast.uitests;
				PRODUCT_NAME = "$(TARGET_NAME)";
				SWIFT_STRICT_CONCURRENCY = complete;
				SWIFT_VERSION = 6.0;
				TEST_TARGET_NAME = OpenCast;
			};
			name = Release;
		};
		A1000000000000000000002F /* NotificationsInternal */ = {
			isa = XCBuildConfiguration;
			buildSettings = {
				ALWAYS_SEARCH_USER_PATHS = NO;
				ASSETCATALOG_COMPILER_GENERATE_SWIFT_ASSET_SYMBOL_EXTENSIONS = YES;
				CLANG_ANALYZER_NONNULL = YES;
				CLANG_ANALYZER_NUMBER_OBJECT_CONVERSION = YES_AGGRESSIVE;
				CLANG_CXX_LANGUAGE_STANDARD = "gnu++20";
				CLANG_ENABLE_MODULES = YES;
				CLANG_ENABLE_OBJC_ARC = YES;
				CLANG_ENABLE_OBJC_WEAK = YES;
				CLANG_WARN_BLOCK_CAPTURE_AUTORELEASING = YES;
				CLANG_WARN_BOOL_CONVERSION = YES;
				CLANG_WARN_COMMA = YES;
				CLANG_WARN_CONSTANT_CONVERSION = YES;
				CLANG_WARN_DEPRECATED_OBJC_IMPLEMENTATIONS = YES;
				CLANG_WARN_DIRECT_OBJC_ISA_USAGE = YES_ERROR;
				CLANG_WARN_DOCUMENTATION_COMMENTS = YES;
				CLANG_WARN_EMPTY_BODY = YES;
				CLANG_WARN_ENUM_CONVERSION = YES;
				CLANG_WARN_INFINITE_RECURSION = YES;
				CLANG_WARN_INT_CONVERSION = YES;
				CLANG_WARN_NON_LITERAL_NULL_CONVERSION = YES;
				CLANG_WARN_OBJC_IMPLICIT_RETAIN_SELF = YES;
				CLANG_WARN_OBJC_LITERAL_CONVERSION = YES;
				CLANG_WARN_OBJC_ROOT_CLASS = YES_ERROR;
				CLANG_WARN_QUOTED_INCLUDE_IN_FRAMEWORK_HEADER = YES;
				CLANG_WARN_RANGE_LOOP_ANALYSIS = YES;
				CLANG_WARN_STRICT_PROTOTYPES = YES;
				CLANG_WARN_SUSPICIOUS_MOVE = YES;
				CLANG_WARN_UNGUARDED_AVAILABILITY = YES_AGGRESSIVE;
				CLANG_WARN_UNREACHABLE_CODE = YES;
				CLANG_WARN__DUPLICATE_METHOD_MATCH = YES;
				COPY_PHASE_STRIP = NO;
				DEBUG_INFORMATION_FORMAT = dwarf;
				DEVELOPMENT_TEAM = "";
				ENABLE_STRICT_OBJC_MSGSEND = YES;
				ENABLE_TESTABILITY = YES;
				ENABLE_USER_SCRIPT_SANDBOXING = YES;
				GCC_C_LANGUAGE_STANDARD = gnu17;
				GCC_DYNAMIC_NO_PIC = NO;
				GCC_NO_COMMON_BLOCKS = YES;
				GCC_OPTIMIZATION_LEVEL = 0;
				GCC_WARN_64_TO_32_BIT_CONVERSION = YES;
				GCC_WARN_ABOUT_RETURN_TYPE = YES_ERROR;
				GCC_WARN_UNDECLARED_SELECTOR = YES;
				GCC_WARN_UNINITIALIZED_AUTOS = YES_AGGRESSIVE;
				GCC_WARN_UNUSED_FUNCTION = YES;
				GCC_WARN_UNUSED_VARIABLE = YES;
				IPHONEOS_DEPLOYMENT_TARGET = 27.0;
				MTL_ENABLE_DEBUG_INFO = INCLUDE_SOURCE;
				MTL_FAST_MATH = YES;
				ONLY_ACTIVE_ARCH = YES;
				SDKROOT = iphoneos;
				STRING_CATALOG_GENERATE_SYMBOLS = YES;
				SWIFT_ACTIVE_COMPILATION_CONDITIONS = INTERNAL_NOTIFICATIONS_DIAGNOSTICS;
				SWIFT_APPROACHABLE_CONCURRENCY = YES;
				SWIFT_OPTIMIZATION_LEVEL = "-Onone";
			};
			name = NotificationsInternal;
		};
		A10000000000000000000030 /* NotificationsInternal */ = {
			isa = XCBuildConfiguration;
			buildSettings = {
				ASSETCATALOG_COMPILER_ALTERNATE_APPICON_NAMES = "AppIconOcean AppIconOceanLight AppIconSunset AppIconHoney AppIconRose AppIconViolet AppIconLagoon AppIconFern AppIconGraphite AppIconMidnight AppIconAbyss";
				ASSETCATALOG_COMPILER_APPICON_NAME = AppIcon;
				CODE_SIGN_ENTITLEMENTS = OpenCast/Resources/OpenCastNotificationsInternal.entitlements;
				CODE_SIGN_STYLE = Automatic;
				CURRENT_PROJECT_VERSION = 291;
				DEVELOPMENT_TEAM = "";
				ENABLE_PREVIEWS = YES;
				GENERATE_INFOPLIST_FILE = NO;
				INFOPLIST_FILE = OpenCast/Resources/Info.plist;
				LD_RUNPATH_SEARCH_PATHS = (
					"$(inherited)",
					"@executable_path/Frameworks",
				);
				MARKETING_VERSION = 2026.10.1;
				OPENCAST_APP_STORE_SCREENSHOT_FIXTURE_OUTPUT_DIR = "$(DERIVED_FILE_DIR)/AppStoreScreenshotFixturesDisabled";
				OPENCAST_INCLUDE_APP_STORE_SCREENSHOT_FIXTURES = NO;
				PRODUCT_BUNDLE_IDENTIFIER = com.shreyas208.opencast;
				PRODUCT_NAME = OpenCast;
				SWIFT_ACTIVE_COMPILATION_CONDITIONS = "$(inherited)";
				SWIFT_DEFAULT_ACTOR_ISOLATION = MainActor;
				SWIFT_EMIT_LOC_STRINGS = YES;
				SWIFT_STRICT_CONCURRENCY = complete;
				SWIFT_VERSION = 6.0;
				TARGETED_DEVICE_FAMILY = "1,2";
			};
			name = NotificationsInternal;
		};
		A10000000000000000000031 /* NotificationsInternal */ = {
			isa = XCBuildConfiguration;
			buildSettings = {
				BUNDLE_LOADER = "$(TEST_HOST)";
				CODE_SIGN_STYLE = Automatic;
				CURRENT_PROJECT_VERSION = 291;
				GENERATE_INFOPLIST_FILE = YES;
				IPHONEOS_DEPLOYMENT_TARGET = 27.0;
				LD_RUNPATH_SEARCH_PATHS = (
					"$(inherited)",
					"@executable_path/Frameworks",
					"@loader_path/Frameworks",
				);
				MARKETING_VERSION = 2026.10.1;
				PRODUCT_BUNDLE_IDENTIFIER = com.shreyas208.opencast.tests;
				PRODUCT_NAME = "$(TARGET_NAME)";
				SWIFT_ACTIVE_COMPILATION_CONDITIONS = "$(inherited)";
				SWIFT_STRICT_CONCURRENCY = complete;
				SWIFT_VERSION = 6.0;
				TEST_HOST = "$(BUILT_PRODUCTS_DIR)/OpenCast.app/$(BUNDLE_EXECUTABLE_FOLDER_PATH)/OpenCast";
			};
			name = NotificationsInternal;
		};
		A10000000000000000000032 /* NotificationsInternal */ = {
			isa = XCBuildConfiguration;
			buildSettings = {
				CODE_SIGN_STYLE = Automatic;
				CURRENT_PROJECT_VERSION = 291;
				GENERATE_INFOPLIST_FILE = YES;
				IPHONEOS_DEPLOYMENT_TARGET = 27.0;
				LD_RUNPATH_SEARCH_PATHS = (
					"$(inherited)",
					"@executable_path/Frameworks",
					"@loader_path/Frameworks",
				);
				MARKETING_VERSION = 2026.10.1;
				PRODUCT_BUNDLE_IDENTIFIER = com.shreyas208.opencast.uitests;
				PRODUCT_NAME = "$(TARGET_NAME)";
				SWIFT_ACTIVE_COMPILATION_CONDITIONS = "$(inherited)";
				SWIFT_STRICT_CONCURRENCY = complete;
				SWIFT_VERSION = 6.0;
				TEST_TARGET_NAME = OpenCast;
			};
			name = NotificationsInternal;
		};
		A1000000000000000000003E /* Debug */ = {
			isa = XCBuildConfiguration;
			buildSettings = {
				APPLICATION_EXTENSION_API_ONLY = YES;
				CODE_SIGN_STYLE = Automatic;
				CURRENT_PROJECT_VERSION = 291;
				DEVELOPMENT_TEAM = "";
				GENERATE_INFOPLIST_FILE = NO;
				INFOPLIST_FILE = OpenCastNotificationService/Info.plist;
				IPHONEOS_DEPLOYMENT_TARGET = 27.0;
				LD_RUNPATH_SEARCH_PATHS = (
					"$(inherited)",
					"@executable_path/Frameworks",
					"@executable_path/../../Frameworks",
				);
				MARKETING_VERSION = 2026.10.1;
				PRODUCT_BUNDLE_IDENTIFIER = com.shreyas208.opencast.NotificationService;
				PRODUCT_NAME = "$(TARGET_NAME)";
				SKIP_INSTALL = YES;
				SWIFT_EMIT_LOC_STRINGS = YES;
				SWIFT_OPTIMIZATION_LEVEL = "-Onone";
				SWIFT_STRICT_CONCURRENCY = complete;
				SWIFT_VERSION = 6.0;
				TARGETED_DEVICE_FAMILY = "1,2";
			};
			name = Debug;
		};
		A1000000000000000000003F /* Release */ = {
			isa = XCBuildConfiguration;
			buildSettings = {
				APPLICATION_EXTENSION_API_ONLY = YES;
				CODE_SIGN_STYLE = Automatic;
				CURRENT_PROJECT_VERSION = 291;
				DEVELOPMENT_TEAM = "";
				GENERATE_INFOPLIST_FILE = NO;
				INFOPLIST_FILE = OpenCastNotificationService/Info.plist;
				IPHONEOS_DEPLOYMENT_TARGET = 27.0;
				LD_RUNPATH_SEARCH_PATHS = (
					"$(inherited)",
					"@executable_path/Frameworks",
					"@executable_path/../../Frameworks",
				);
				MARKETING_VERSION = 2026.10.1;
				PRODUCT_BUNDLE_IDENTIFIER = com.shreyas208.opencast.NotificationService;
				PRODUCT_NAME = "$(TARGET_NAME)";
				SKIP_INSTALL = YES;
				SWIFT_EMIT_LOC_STRINGS = YES;
				SWIFT_STRICT_CONCURRENCY = complete;
				SWIFT_VERSION = 6.0;
				TARGETED_DEVICE_FAMILY = "1,2";
			};
			name = Release;
		};
		A10000000000000000000040 /* NotificationsInternal */ = {
			isa = XCBuildConfiguration;
			buildSettings = {
				APPLICATION_EXTENSION_API_ONLY = YES;
				CODE_SIGN_STYLE = Automatic;
				CURRENT_PROJECT_VERSION = 291;
				DEVELOPMENT_TEAM = "";
				GENERATE_INFOPLIST_FILE = NO;
				INFOPLIST_FILE = OpenCastNotificationService/Info.plist;
				IPHONEOS_DEPLOYMENT_TARGET = 27.0;
				LD_RUNPATH_SEARCH_PATHS = (
					"$(inherited)",
					"@executable_path/Frameworks",
					"@executable_path/../../Frameworks",
				);
				MARKETING_VERSION = 2026.10.1;
				PRODUCT_BUNDLE_IDENTIFIER = com.shreyas208.opencast.NotificationService;
				PRODUCT_NAME = "$(TARGET_NAME)";
				SKIP_INSTALL = YES;
				SWIFT_ACTIVE_COMPILATION_CONDITIONS = "$(inherited)";
				SWIFT_EMIT_LOC_STRINGS = YES;
				SWIFT_OPTIMIZATION_LEVEL = "-Onone";
				SWIFT_STRICT_CONCURRENCY = complete;
				SWIFT_VERSION = 6.0;
				TARGETED_DEVICE_FAMILY = "1,2";
			};
			name = NotificationsInternal;
		};
		B2000000000000000000000A /* Debug */ = {
			isa = XCBuildConfiguration;
			buildSettings = {
				CODE_SIGN_STYLE = Automatic;
				CURRENT_PROJECT_VERSION = 291;
				GENERATE_INFOPLIST_FILE = YES;
				IPHONEOS_DEPLOYMENT_TARGET = 27.0;
				LD_RUNPATH_SEARCH_PATHS = (
					"$(inherited)",
					"@executable_path/Frameworks",
					"@loader_path/Frameworks",
				);
				MARKETING_VERSION = 2026.10.1;
				PRODUCT_BUNDLE_IDENTIFIER = com.shreyas208.opencast.notificationservicetests;
				PRODUCT_NAME = "$(TARGET_NAME)";
				SWIFT_STRICT_CONCURRENCY = complete;
				SWIFT_VERSION = 6.0;
			};
			name = Debug;
		};
		B2000000000000000000000B /* Release */ = {
			isa = XCBuildConfiguration;
			buildSettings = {
				CODE_SIGN_STYLE = Automatic;
				CURRENT_PROJECT_VERSION = 291;
				GENERATE_INFOPLIST_FILE = YES;
				IPHONEOS_DEPLOYMENT_TARGET = 27.0;
				LD_RUNPATH_SEARCH_PATHS = (
					"$(inherited)",
					"@executable_path/Frameworks",
					"@loader_path/Frameworks",
				);
				MARKETING_VERSION = 2026.10.1;
				PRODUCT_BUNDLE_IDENTIFIER = com.shreyas208.opencast.notificationservicetests;
				PRODUCT_NAME = "$(TARGET_NAME)";
				SWIFT_STRICT_CONCURRENCY = complete;
				SWIFT_VERSION = 6.0;
			};
			name = Release;
		};
		B2000000000000000000000C /* NotificationsInternal */ = {
			isa = XCBuildConfiguration;
			buildSettings = {
				CODE_SIGN_STYLE = Automatic;
				CURRENT_PROJECT_VERSION = 291;
				GENERATE_INFOPLIST_FILE = YES;
				IPHONEOS_DEPLOYMENT_TARGET = 27.0;
				LD_RUNPATH_SEARCH_PATHS = (
					"$(inherited)",
					"@executable_path/Frameworks",
					"@loader_path/Frameworks",
				);
				MARKETING_VERSION = 2026.10.1;
				PRODUCT_BUNDLE_IDENTIFIER = com.shreyas208.opencast.notificationservicetests;
				PRODUCT_NAME = "$(TARGET_NAME)";
				SWIFT_ACTIVE_COMPILATION_CONDITIONS = "$(inherited)";
				SWIFT_STRICT_CONCURRENCY = complete;
				SWIFT_VERSION = 6.0;
			};
			name = NotificationsInternal;
		};
		C138D6057B0711AFE41E969F /* NotificationsInternal */ = {
			isa = XCBuildConfiguration;
			buildSettings = {
				APPLICATION_EXTENSION_API_ONLY = YES;
				CLANG_ENABLE_OBJC_WEAK = NO;
				CODE_SIGN_ENTITLEMENTS = OpenCastWidgets/OpenCastWidgets.entitlements;
				CODE_SIGN_STYLE = Automatic;
				CURRENT_PROJECT_VERSION = 291;
				DEVELOPMENT_TEAM = "";
				GENERATE_INFOPLIST_FILE = YES;
				INFOPLIST_FILE = OpenCastWidgets/Info.plist;
				INFOPLIST_KEY_CFBundleDisplayName = OpenCast;
				IPHONEOS_DEPLOYMENT_TARGET = 27.0;
				MARKETING_VERSION = 2026.10.1;
				PRODUCT_BUNDLE_IDENTIFIER = com.shreyas208.opencast.widgets;
				PRODUCT_NAME = "$(TARGET_NAME)";
				SDKROOT = iphoneos;
				SKIP_INSTALL = YES;
				SWIFT_EMIT_LOC_STRINGS = YES;
				SWIFT_STRICT_CONCURRENCY = complete;
				SWIFT_UPCOMING_FEATURE_NONISOLATED_NONSENDING_BY_DEFAULT = YES;
				SWIFT_VERSION = 6.0;
				TARGETED_DEVICE_FAMILY = "1,2";
				VALIDATE_PRODUCT = YES;
			};
			name = NotificationsInternal;
		};
		C3000000000000000000000D /* Debug */ = {
			isa = XCBuildConfiguration;
			buildSettings = {
				APPLICATION_EXTENSION_API_ONLY = YES;
				CODE_SIGN_STYLE = Automatic;
				CURRENT_PROJECT_VERSION = 291;
				DEVELOPMENT_TEAM = "";
				GENERATE_INFOPLIST_FILE = NO;
				INFOPLIST_FILE = OpenCastNotificationContent/Info.plist;
				IPHONEOS_DEPLOYMENT_TARGET = 27.0;
				LD_RUNPATH_SEARCH_PATHS = (
					"$(inherited)",
					"@executable_path/Frameworks",
					"@executable_path/../../Frameworks",
				);
				MARKETING_VERSION = 2026.10.1;
				PRODUCT_BUNDLE_IDENTIFIER = com.shreyas208.opencast.NotificationContent;
				PRODUCT_NAME = "$(TARGET_NAME)";
				SKIP_INSTALL = YES;
				SWIFT_DEFAULT_ACTOR_ISOLATION = MainActor;
				SWIFT_EMIT_LOC_STRINGS = YES;
				SWIFT_OPTIMIZATION_LEVEL = "-Onone";
				SWIFT_STRICT_CONCURRENCY = complete;
				SWIFT_VERSION = 6.0;
				TARGETED_DEVICE_FAMILY = "1,2";
			};
			name = Debug;
		};
		C3000000000000000000000E /* Release */ = {
			isa = XCBuildConfiguration;
			buildSettings = {
				APPLICATION_EXTENSION_API_ONLY = YES;
				CODE_SIGN_STYLE = Automatic;
				CURRENT_PROJECT_VERSION = 291;
				DEVELOPMENT_TEAM = "";
				GENERATE_INFOPLIST_FILE = NO;
				INFOPLIST_FILE = OpenCastNotificationContent/Info.plist;
				IPHONEOS_DEPLOYMENT_TARGET = 27.0;
				LD_RUNPATH_SEARCH_PATHS = (
					"$(inherited)",
					"@executable_path/Frameworks",
					"@executable_path/../../Frameworks",
				);
				MARKETING_VERSION = 2026.10.1;
				PRODUCT_BUNDLE_IDENTIFIER = com.shreyas208.opencast.NotificationContent;
				PRODUCT_NAME = "$(TARGET_NAME)";
				SKIP_INSTALL = YES;
				SWIFT_DEFAULT_ACTOR_ISOLATION = MainActor;
				SWIFT_EMIT_LOC_STRINGS = YES;
				SWIFT_STRICT_CONCURRENCY = complete;
				SWIFT_VERSION = 6.0;
				TARGETED_DEVICE_FAMILY = "1,2";
			};
			name = Release;
		};
		C3000000000000000000000F /* NotificationsInternal */ = {
			isa = XCBuildConfiguration;
			buildSettings = {
				APPLICATION_EXTENSION_API_ONLY = YES;
				CODE_SIGN_STYLE = Automatic;
				CURRENT_PROJECT_VERSION = 291;
				DEVELOPMENT_TEAM = "";
				GENERATE_INFOPLIST_FILE = NO;
				INFOPLIST_FILE = OpenCastNotificationContent/Info.plist;
				IPHONEOS_DEPLOYMENT_TARGET = 27.0;
				LD_RUNPATH_SEARCH_PATHS = (
					"$(inherited)",
					"@executable_path/Frameworks",
					"@executable_path/../../Frameworks",
				);
				MARKETING_VERSION = 2026.10.1;
				PRODUCT_BUNDLE_IDENTIFIER = com.shreyas208.opencast.NotificationContent;
				PRODUCT_NAME = "$(TARGET_NAME)";
				SKIP_INSTALL = YES;
				SWIFT_ACTIVE_COMPILATION_CONDITIONS = "$(inherited)";
				SWIFT_DEFAULT_ACTOR_ISOLATION = MainActor;
				SWIFT_EMIT_LOC_STRINGS = YES;
				SWIFT_OPTIMIZATION_LEVEL = "-Onone";
				SWIFT_STRICT_CONCURRENCY = complete;
				SWIFT_VERSION = 6.0;
				TARGETED_DEVICE_FAMILY = "1,2";
			};
			name = NotificationsInternal;
		};
/* End XCBuildConfiguration section */

/* Begin XCConfigurationList section */
		A10000000000000000000015 /* Build configuration list for PBXNativeTarget "OpenCast" */ = {
			isa = XCConfigurationList;
			buildConfigurations = (
				A10000000000000000000027 /* Debug */,
				A10000000000000000000028 /* Release */,
				A10000000000000000000030 /* NotificationsInternal */,
			);
			defaultConfigurationIsVisible = 0;
			defaultConfigurationName = Release;
		};
		A10000000000000000000019 /* Build configuration list for PBXNativeTarget "OpenCastTests" */ = {
			isa = XCConfigurationList;
			buildConfigurations = (
				A10000000000000000000029 /* Debug */,
				A1000000000000000000002A /* Release */,
				A10000000000000000000031 /* NotificationsInternal */,
			);
			defaultConfigurationIsVisible = 0;
			defaultConfigurationName = Release;
		};
		A1000000000000000000001E /* Build configuration list for PBXNativeTarget "OpenCastUITests" */ = {
			isa = XCConfigurationList;
			buildConfigurations = (
				A1000000000000000000002B /* Debug */,
				A1000000000000000000002C /* Release */,
				A10000000000000000000032 /* NotificationsInternal */,
			);
			defaultConfigurationIsVisible = 0;
			defaultConfigurationName = Release;
		};
		A10000000000000000000022 /* Build configuration list for PBXProject "opencast" */ = {
			isa = XCConfigurationList;
			buildConfigurations = (
				A10000000000000000000025 /* Debug */,
				A10000000000000000000026 /* Release */,
				A1000000000000000000002F /* NotificationsInternal */,
			);
			defaultConfigurationIsVisible = 0;
			defaultConfigurationName = Release;
		};
		A10000000000000000000041 /* Build configuration list for PBXNativeTarget "OpenCastNotificationService" */ = {
			isa = XCConfigurationList;
			buildConfigurations = (
				A1000000000000000000003E /* Debug */,
				A1000000000000000000003F /* Release */,
				A10000000000000000000040 /* NotificationsInternal */,
			);
			defaultConfigurationIsVisible = 0;
			defaultConfigurationName = Release;
		};
		B20000000000000000000009 /* Build configuration list for PBXNativeTarget "OpenCastNotificationServiceTests" */ = {
			isa = XCConfigurationList;
			buildConfigurations = (
				B2000000000000000000000A /* Debug */,
				B2000000000000000000000B /* Release */,
				B2000000000000000000000C /* NotificationsInternal */,
			);
			defaultConfigurationIsVisible = 0;
			defaultConfigurationName = Release;
		};
		B7FDB0B32CFA3E4550AEC7FC /* Build configuration list for PBXNativeTarget "OpenCastWidgets" */ = {
			isa = XCConfigurationList;
			buildConfigurations = (
				75E95CCF4BE55CC353AA793B /* Release */,
				01045A3DE230E9BA71D308AD /* Debug */,
				C138D6057B0711AFE41E969F /* NotificationsInternal */,
			);
			defaultConfigurationIsVisible = 0;
			defaultConfigurationName = Release;
		};
		C30000000000000000000010 /* Build configuration list for PBXNativeTarget "OpenCastNotificationContent" */ = {
			isa = XCConfigurationList;
			buildConfigurations = (
				C3000000000000000000000D /* Debug */,
				C3000000000000000000000E /* Release */,
				C3000000000000000000000F /* NotificationsInternal */,
			);
			defaultConfigurationIsVisible = 0;
			defaultConfigurationName = Release;
		};
/* End XCConfigurationList section */

/* Begin XCLocalSwiftPackageReference section */
		A10000000000000000000023 /* XCLocalSwiftPackageReference "Packages/OpenCastCore" */ = {
			isa = XCLocalSwiftPackageReference;
			relativePath = Packages/OpenCastCore;
		};
		A10000000000000000000024 /* XCLocalSwiftPackageReference "Packages/OpenCastPlayback" */ = {
			isa = XCLocalSwiftPackageReference;
			relativePath = Packages/OpenCastPlayback;
		};
		A10000000000000000000043 /* XCLocalSwiftPackageReference "Packages/OpenCastTranscription" */ = {
			isa = XCLocalSwiftPackageReference;
			relativePath = Packages/OpenCastTranscription;
		};
/* End XCLocalSwiftPackageReference section */

/* Begin XCSwiftPackageProductDependency section */
		A10000000000000000000002 /* OpenCastCore */ = {
			isa = XCSwiftPackageProductDependency;
			package = A10000000000000000000023 /* XCLocalSwiftPackageReference "Packages/OpenCastCore" */;
			productName = OpenCastCore;
		};
		A10000000000000000000004 /* OpenCastPlayback */ = {
			isa = XCSwiftPackageProductDependency;
			package = A10000000000000000000024 /* XCLocalSwiftPackageReference "Packages/OpenCastPlayback" */;
			productName = OpenCastPlayback;
		};
		A10000000000000000000046 /* OpenCastTranscription */ = {
			isa = XCSwiftPackageProductDependency;
			package = A10000000000000000000043 /* XCLocalSwiftPackageReference "Packages/OpenCastTranscription" */;
			productName = OpenCastTranscription;
		};
/* End XCSwiftPackageProductDependency section */
	};
	rootObject = A10000000000000000000006 /* Project object */;
}
